// !$*UTF8*$!
{
	archiveVersion = 1;
	classes = {
	};
	objectVersion = 77;
	objects = {

/* Begin PBXBuildFile section */
		C12FA1482DBA9FA1003CB184 /* .gitignore in Resources */ = {isa = PBXBuildFile; fileRef = C12FA1472DBA9F95003CB184 /* .gitignore */; };
		C18AC4AF2DE7BC71000B5DF9 /* FacebookCore in Frameworks */ = {isa = PBXBuildFile; productRef = C18AC4AE2DE7BC71000B5DF9 /* FacebookCore */; };
		C18AC4B12DE7BC71000B5DF9 /* FacebookLogin in Frameworks */ = {isa = PBXBuildFile; productRef = C18AC4B02DE7BC71000B5DF9 /* FacebookLogin */; };
		C1F107772DDB08FD00AF0FA4 /* GoogleSignIn in Frameworks */ = {isa = PBXBuildFile; productRef = C1F107762DDB08FD00AF0FA4 /* GoogleSignIn */; };
		C1F107792DDB08FD00AF0FA4 /* GoogleSignInSwift in Frameworks */ = {isa = PBXBuildFile; productRef = C1F107782DDB08FD00AF0FA4 /* GoogleSignInSwift */; };
		C1F107822DDB0E4D00AF0FA4 /* FirebaseAnalytics in Frameworks */ = {isa = PBXBuildFile; productRef = C1F107812DDB0E4D00AF0FA4 /* FirebaseAnalytics */; };
		C1F107842DDB0E4D00AF0FA4 /* FirebaseAnalyticsOnDeviceConversion in Frameworks */ = {isa = PBXBuildFile; productRef = C1F107832DDB0E4D00AF0FA4 /* FirebaseAnalyticsOnDeviceConversion */; };
		C1F107862DDB0E4D00AF0FA4 /* FirebaseAnalyticsWithoutAdIdSupport in Frameworks */ = {isa = PBXBuildFile; productRef = C1F107852DDB0E4D00AF0FA4 /* FirebaseAnalyticsWithoutAdIdSupport */; };
		C1F107882DDB0E4D00AF0FA4 /* FirebaseAppCheck in Frameworks */ = {isa = PBXBuildFile; productRef = C1F107872DDB0E4D00AF0FA4 /* FirebaseAppCheck */; };
		C1F1078A2DDB0E4D00AF0FA4 /* FirebaseAppDistribution-Beta in Frameworks */ = {isa = PBXBuildFile; productRef = C1F107892DDB0E4D00AF0FA4 /* FirebaseAppDistribution-Beta */; };
		C1F1078C2DDB0E4D00AF0FA4 /* FirebaseAuth in Frameworks */ = {isa = PBXBuildFile; productRef = C1F1078B2DDB0E4D00AF0FA4 /* FirebaseAuth */; };
		C1F1078E2DDB0E4D00AF0FA4 /* FirebaseAuthCombine-Community in Frameworks */ = {isa = PBXBuildFile; productRef = C1F1078D2DDB0E4D00AF0FA4 /* FirebaseAuthCombine-Community */; };
		C1F107902DDB0E4D00AF0FA4 /* FirebaseCore in Frameworks */ = {isa = PBXBuildFile; productRef = C1F1078F2DDB0E4D00AF0FA4 /* FirebaseCore */; };
		C1F107922DDB0E4D00AF0FA4 /* FirebaseCrashlytics in Frameworks */ = {isa = PBXBuildFile; productRef = C1F107912DDB0E4D00AF0FA4 /* FirebaseCrashlytics */; };
		C1F107942DDB0E4D00AF0FA4 /* FirebaseDatabase in Frameworks */ = {isa = PBXBuildFile; productRef = C1F107932DDB0E4D00AF0FA4 /* FirebaseDatabase */; };
		C1F107962DDB0E4D00AF0FA4 /* FirebaseDynamicLinks in Frameworks */ = {isa = PBXBuildFile; productRef = C1F107952DDB0E4D00AF0FA4 /* FirebaseDynamicLinks */; };
		C1F107982DDB0E4D00AF0FA4 /* FirebaseFirestore in Frameworks */ = {isa = PBXBuildFile; productRef = C1F107972DDB0E4D00AF0FA4 /* FirebaseFirestore */; };
		C1F1079A2DDB0E4D00AF0FA4 /* FirebaseFirestoreCombine-Community in Frameworks */ = {isa = PBXBuildFile; productRef = C1F107992DDB0E4D00AF0FA4 /* FirebaseFirestoreCombine-Community */; };
		C1F1079C2DDB0E4D00AF0FA4 /* FirebaseFunctions in Frameworks */ = {isa = PBXBuildFile; productRef = C1F1079B2DDB0E4D00AF0FA4 /* FirebaseFunctions */; };
		C1F1079E2DDB0E4D00AF0FA4 /* FirebaseFunctionsCombine-Community in Frameworks */ = {isa = PBXBuildFile; productRef = C1F1079D2DDB0E4D00AF0FA4 /* FirebaseFunctionsCombine-Community */; };
		C1F107A02DDB0E4D00AF0FA4 /* FirebaseInAppMessaging-Beta in Frameworks */ = {isa = PBXBuildFile; productRef = C1F1079F2DDB0E4D00AF0FA4 /* FirebaseInAppMessaging-Beta */; };
		C1F107A22DDB0E4D00AF0FA4 /* FirebaseInstallations in Frameworks */ = {isa = PBXBuildFile; productRef = C1F107A12DDB0E4D00AF0FA4 /* FirebaseInstallations */; };
		C1F107A42DDB0E4D00AF0FA4 /* FirebaseMLModelDownloader in Frameworks */ = {isa = PBXBuildFile; productRef = C1F107A32DDB0E4D00AF0FA4 /* FirebaseMLModelDownloader */; };
		C1F107A62DDB0E4D00AF0FA4 /* FirebaseMessaging in Frameworks */ = {isa = PBXBuildFile; productRef = C1F107A52DDB0E4D00AF0FA4 /* FirebaseMessaging */; };
		C1F107A82DDB0E4D00AF0FA4 /* FirebasePerformance in Frameworks */ = {isa = PBXBuildFile; productRef = C1F107A72DDB0E4D00AF0FA4 /* FirebasePerformance */; };
		C1F107AA2DDB0E4D00AF0FA4 /* FirebaseRemoteConfig in Frameworks */ = {isa = PBXBuildFile; productRef = C1F107A92DDB0E4D00AF0FA4 /* FirebaseRemoteConfig */; };
		C1F107AC2DDB0E4D00AF0FA4 /* FirebaseStorage in Frameworks */ = {isa = PBXBuildFile; productRef = C1F107AB2DDB0E4D00AF0FA4 /* FirebaseStorage */; };
		C1F107AE2DDB0E4D00AF0FA4 /* FirebaseStorageCombine-Community in Frameworks */ = {isa = PBXBuildFile; productRef = C1F107AD2DDB0E4D00AF0FA4 /* FirebaseStorageCombine-Community */; };
		C1F107B02DDB0E4D00AF0FA4 /* FirebaseVertexAI in Frameworks */ = {isa = PBXBuildFile; productRef = C1F107AF2DDB0E4D00AF0FA4 /* FirebaseVertexAI */; };
/* End PBXBuildFile section */

/* Begin PBXContainerItemProxy section */
		C1BAC3D42DBA21B000392D73 /* PBXContainerItemProxy */ = {
			isa = PBXContainerItemProxy;
			containerPortal = C1BAC3BE2DBA21AE00392D73 /* Project object */;
			proxyType = 1;
			remoteGlobalIDString = C1BAC3C52DBA21AF00392D73;
			remoteInfo = spurly;
		};
		C1BAC3DE2DBA21B000392D73 /* PBXContainerItemProxy */ = {
			isa = PBXContainerItemProxy;
			containerPortal = C1BAC3BE2DBA21AE00392D73 /* Project object */;
			proxyType = 1;
			remoteGlobalIDString = C1BAC3C52DBA21AF00392D73;
			remoteInfo = spurly;
		};
/* End PBXContainerItemProxy section */

/* Begin PBXFileReference section */
		C12FA1472DBA9F95003CB184 /* .gitignore */ = {isa = PBXFileReference; lastKnownFileType = text; path = .gitignore; sourceTree = "<group>"; };
		C1BAC3C62DBA21AF00392D73 /* spurly.app */ = {isa = PBXFileReference; explicitFileType = wrapper.application; includeInIndex = 0; path = spurly.app; sourceTree = BUILT_PRODUCTS_DIR; };
		C1BAC3D32DBA21B000392D73 /* spurlyTests.xctest */ = {isa = PBXFileReference; explicitFileType = wrapper.cfbundle; includeInIndex = 0; path = spurlyTests.xctest; sourceTree = BUILT_PRODUCTS_DIR; };
		C1BAC3DD2DBA21B000392D73 /* spurlyUITests.xctest */ = {isa = PBXFileReference; explicitFileType = wrapper.cfbundle; includeInIndex = 0; path = spurlyUITests.xctest; sourceTree = BUILT_PRODUCTS_DIR; };
/* End PBXFileReference section */

/* Begin PBXFileSystemSynchronizedBuildFileExceptionSet section */
		C1C0057C2DD70D4600BF71EA /* Exceptions for "spurly" folder in "spurly" target */ = {
			isa = PBXFileSystemSynchronizedBuildFileExceptionSet;
			membershipExceptions = (
				Info.plist,
			);
			target = C1BAC3C52DBA21AF00392D73 /* spurly */;
		};
		C1F1077E2DDB0CE400AF0FA4 /* Exceptions for "spurly" folder in "spurlyTests" target */ = {
			isa = PBXFileSystemSynchronizedBuildFileExceptionSet;
			membershipExceptions = (
				"GoogleService-Info.plist",
			);
			target = C1BAC3D22DBA21B000392D73 /* spurlyTests */;
		};
		C1F1077F2DDB0CE400AF0FA4 /* Exceptions for "spurly" folder in "spurlyUITests" target */ = {
			isa = PBXFileSystemSynchronizedBuildFileExceptionSet;
			membershipExceptions = (
				"GoogleService-Info.plist",
			);
			target = C1BAC3DC2DBA21B000392D73 /* spurlyUITests */;
		};
/* End PBXFileSystemSynchronizedBuildFileExceptionSet section */

/* Begin PBXFileSystemSynchronizedRootGroup section */
		C1BAC3C82DBA21AF00392D73 /* spurly */ = {
			isa = PBXFileSystemSynchronizedRootGroup;
			exceptions = (
				C1C0057C2DD70D4600BF71EA /* Exceptions for "spurly" folder in "spurly" target */,
				C1F1077E2DDB0CE400AF0FA4 /* Exceptions for "spurly" folder in "spurlyTests" target */,
				C1F1077F2DDB0CE400AF0FA4 /* Exceptions for "spurly" folder in "spurlyUITests" target */,
			);
			path = spurly;
			sourceTree = "<group>";
		};
/* End PBXFileSystemSynchronizedRootGroup section */

/* Begin PBXFrameworksBuildPhase section */
		C1BAC3C32DBA21AF00392D73 /* Frameworks */ = {
			isa = PBXFrameworksBuildPhase;
			buildActionMask = 2147483647;
			files = (
				C1F107A82DDB0E4D00AF0FA4 /* FirebasePerformance in Frameworks */,
				C1F1078A2DDB0E4D00AF0FA4 /* FirebaseAppDistribution-Beta in Frameworks */,
				C1F1079E2DDB0E4D00AF0FA4 /* FirebaseFunctionsCombine-Community in Frameworks */,
				C1F1078E2DDB0E4D00AF0FA4 /* FirebaseAuthCombine-Community in Frameworks */,
				C1F107772DDB08FD00AF0FA4 /* GoogleSignIn in Frameworks */,
				C1F107AC2DDB0E4D00AF0FA4 /* FirebaseStorage in Frameworks */,
				C1F1079A2DDB0E4D00AF0FA4 /* FirebaseFirestoreCombine-Community in Frameworks */,
				C1F107862DDB0E4D00AF0FA4 /* FirebaseAnalyticsWithoutAdIdSupport in Frameworks */,
				C1F107792DDB08FD00AF0FA4 /* GoogleSignInSwift in Frameworks */,
				C1F107A42DDB0E4D00AF0FA4 /* FirebaseMLModelDownloader in Frameworks */,
				C1F107922DDB0E4D00AF0FA4 /* FirebaseCrashlytics in Frameworks */,
				C1F107B02DDB0E4D00AF0FA4 /* FirebaseVertexAI in Frameworks */,
				C18AC4B12DE7BC71000B5DF9 /* FacebookLogin in Frameworks */,
				C1F107A62DDB0E4D00AF0FA4 /* FirebaseMessaging in Frameworks */,
				C1F107A22DDB0E4D00AF0FA4 /* FirebaseInstallations in Frameworks */,
				C1F107942DDB0E4D00AF0FA4 /* FirebaseDatabase in Frameworks */,
				C1F107822DDB0E4D00AF0FA4 /* FirebaseAnalytics in Frameworks */,
				C1F107902DDB0E4D00AF0FA4 /* FirebaseCore in Frameworks */,
				C1F107A02DDB0E4D00AF0FA4 /* FirebaseInAppMessaging-Beta in Frameworks */,
				C1F107882DDB0E4D00AF0FA4 /* FirebaseAppCheck in Frameworks */,
				C1F1079C2DDB0E4D00AF0FA4 /* FirebaseFunctions in Frameworks */,
				C1F107AA2DDB0E4D00AF0FA4 /* FirebaseRemoteConfig in Frameworks */,
				C1F107842DDB0E4D00AF0FA4 /* FirebaseAnalyticsOnDeviceConversion in Frameworks */,
				C1F1078C2DDB0E4D00AF0FA4 /* FirebaseAuth in Frameworks */,
				C1F107AE2DDB0E4D00AF0FA4 /* FirebaseStorageCombine-Community in Frameworks */,
				C1F107962DDB0E4D00AF0FA4 /* FirebaseDynamicLinks in Frameworks */,
				C18AC4AF2DE7BC71000B5DF9 /* FacebookCore in Frameworks */,
				C1F107982DDB0E4D00AF0FA4 /* FirebaseFirestore in Frameworks */,
			);
			runOnlyForDeploymentPostprocessing = 0;
		};
		C1BAC3D02DBA21B000392D73 /* Frameworks */ = {
			isa = PBXFrameworksBuildPhase;
			buildActionMask = 2147483647;
			files = (
			);
			runOnlyForDeploymentPostprocessing = 0;
		};
		C1BAC3DA2DBA21B000392D73 /* Frameworks */ = {
			isa = PBXFrameworksBuildPhase;
			buildActionMask = 2147483647;
			files = (
			);
			runOnlyForDeploymentPostprocessing = 0;
		};
/* End PBXFrameworksBuildPhase section */

/* Begin PBXGroup section */
		C1BAC3BD2DBA21AE00392D73 = {
			isa = PBXGroup;
			children = (
				C12FA1472DBA9F95003CB184 /* .gitignore */,
				C1BAC3C82DBA21AF00392D73 /* spurly */,
				C1BAC3C72DBA21AF00392D73 /* Products */,
			);
			sourceTree = "<group>";
		};
		C1BAC3C72DBA21AF00392D73 /* Products */ = {
			isa = PBXGroup;
			children = (
				C1BAC3C62DBA21AF00392D73 /* spurly.app */,
				C1BAC3D32DBA21B000392D73 /* spurlyTests.xctest */,
				C1BAC3DD2DBA21B000392D73 /* spurlyUITests.xctest */,
			);
			name = Products;
			sourceTree = "<group>";
		};
/* End PBXGroup section */

/* Begin PBXNativeTarget section */
		C1BAC3C52DBA21AF00392D73 /* spurly */ = {
			isa = PBXNativeTarget;
			buildConfigurationList = C1BAC3E72DBA21B000392D73 /* Build configuration list for PBXNativeTarget "spurly" */;
			buildPhases = (
				C1BAC3C22DBA21AF00392D73 /* Sources */,
				C1BAC3C32DBA21AF00392D73 /* Frameworks */,
				C1BAC3C42DBA21AF00392D73 /* Resources */,
			);
			buildRules = (
			);
			dependencies = (
			);
			fileSystemSynchronizedGroups = (
				C1BAC3C82DBA21AF00392D73 /* spurly */,
			);
			name = spurly;
			packageProductDependencies = (
				C1F107762DDB08FD00AF0FA4 /* GoogleSignIn */,
				C1F107782DDB08FD00AF0FA4 /* GoogleSignInSwift */,
				C1F107812DDB0E4D00AF0FA4 /* FirebaseAnalytics */,
				C1F107832DDB0E4D00AF0FA4 /* FirebaseAnalyticsOnDeviceConversion */,
				C1F107852DDB0E4D00AF0FA4 /* FirebaseAnalyticsWithoutAdIdSupport */,
				C1F107872DDB0E4D00AF0FA4 /* FirebaseAppCheck */,
				C1F107892DDB0E4D00AF0FA4 /* FirebaseAppDistribution-Beta */,
				C1F1078B2DDB0E4D00AF0FA4 /* FirebaseAuth */,
				C1F1078D2DDB0E4D00AF0FA4 /* FirebaseAuthCombine-Community */,
				C1F1078F2DDB0E4D00AF0FA4 /* FirebaseCore */,
				C1F107912DDB0E4D00AF0FA4 /* FirebaseCrashlytics */,
				C1F107932DDB0E4D00AF0FA4 /* FirebaseDatabase */,
				C1F107952DDB0E4D00AF0FA4 /* FirebaseDynamicLinks */,
				C1F107972DDB0E4D00AF0FA4 /* FirebaseFirestore */,
				C1F107992DDB0E4D00AF0FA4 /* FirebaseFirestoreCombine-Community */,
				C1F1079B2DDB0E4D00AF0FA4 /* FirebaseFunctions */,
				C1F1079D2DDB0E4D00AF0FA4 /* FirebaseFunctionsCombine-Community */,
				C1F1079F2DDB0E4D00AF0FA4 /* FirebaseInAppMessaging-Beta */,
				C1F107A12DDB0E4D00AF0FA4 /* FirebaseInstallations */,
				C1F107A32DDB0E4D00AF0FA4 /* FirebaseMLModelDownloader */,
				C1F107A52DDB0E4D00AF0FA4 /* FirebaseMessaging */,
				C1F107A72DDB0E4D00AF0FA4 /* FirebasePerformance */,
				C1F107A92DDB0E4D00AF0FA4 /* FirebaseRemoteConfig */,
				C1F107AB2DDB0E4D00AF0FA4 /* FirebaseStorage */,
				C1F107AD2DDB0E4D00AF0FA4 /* FirebaseStorageCombine-Community */,
				C1F107AF2DDB0E4D00AF0FA4 /* FirebaseVertexAI */,
				C18AC4AE2DE7BC71000B5DF9 /* FacebookCore */,
				C18AC4B02DE7BC71000B5DF9 /* FacebookLogin */,
			);
			productName = spurly;
			productReference = C1BAC3C62DBA21AF00392D73 /* spurly.app */;
			productType = "com.apple.product-type.application";
		};
		C1BAC3D22DBA21B000392D73 /* spurlyTests */ = {
			isa = PBXNativeTarget;
			buildConfigurationList = C1BAC3EA2DBA21B000392D73 /* Build configuration list for PBXNativeTarget "spurlyTests" */;
			buildPhases = (
				C1BAC3CF2DBA21B000392D73 /* Sources */,
				C1BAC3D02DBA21B000392D73 /* Frameworks */,
				C1BAC3D12DBA21B000392D73 /* Resources */,
			);
			buildRules = (
			);
			dependencies = (
				C1BAC3D52DBA21B000392D73 /* PBXTargetDependency */,
			);
			name = spurlyTests;
			packageProductDependencies = (
			);
			productName = spurlyTests;
			productReference = C1BAC3D32DBA21B000392D73 /* spurlyTests.xctest */;
			productType = "com.apple.product-type.bundle.unit-test";
		};
		C1BAC3DC2DBA21B000392D73 /* spurlyUITests */ = {
			isa = PBXNativeTarget;
			buildConfigurationList = C1BAC3ED2DBA21B000392D73 /* Build configuration list for PBXNativeTarget "spurlyUITests" */;
			buildPhases = (
				C1BAC3D92DBA21B000392D73 /* Sources */,
				C1BAC3DA2DBA21B000392D73 /* Frameworks */,
				C1BAC3DB2DBA21B000392D73 /* Resources */,
			);
			buildRules = (
			);
			dependencies = (
				C1BAC3DF2DBA21B000392D73 /* PBXTargetDependency */,
			);
			name = spurlyUITests;
			packageProductDependencies = (
			);
			productName = spurlyUITests;
			productReference = C1BAC3DD2DBA21B000392D73 /* spurlyUITests.xctest */;
			productType = "com.apple.product-type.bundle.ui-testing";
		};
/* End PBXNativeTarget section */

/* Begin PBXProject section */
		C1BAC3BE2DBA21AE00392D73 /* Project object */ = {
			isa = PBXProject;
			attributes = {
				BuildIndependentTargetsInParallel = 1;
				KnownAssetTags = (
					New,
				);
				LastSwiftUpdateCheck = 1630;
				LastUpgradeCheck = 1630;
				ORGANIZATIONNAME = "phaeton-order";
				TargetAttributes = {
					C1BAC3C52DBA21AF00392D73 = {
						CreatedOnToolsVersion = 16.3;
					};
					C1BAC3D22DBA21B000392D73 = {
						CreatedOnToolsVersion = 16.3;
						TestTargetID = C1BAC3C52DBA21AF00392D73;
					};
					C1BAC3DC2DBA21B000392D73 = {
						CreatedOnToolsVersion = 16.3;
						TestTargetID = C1BAC3C52DBA21AF00392D73;
					};
				};
			};
			buildConfigurationList = C1BAC3C12DBA21AE00392D73 /* Build configuration list for PBXProject "spurly" */;
			developmentRegion = en;
			hasScannedForEncodings = 0;
			knownRegions = (
				en,
				Base,
			);
			mainGroup = C1BAC3BD2DBA21AE00392D73;
			minimizedProjectReferenceProxies = 1;
			packageReferences = (
				C17E300B2DDB05E300BD55FE /* XCRemoteSwiftPackageReference "GoogleSignIn-iOS" */,
				C1F107802DDB0E4D00AF0FA4 /* XCRemoteSwiftPackageReference "firebase-ios-sdk" */,
				C18AC4AD2DE7BC71000B5DF9 /* XCRemoteSwiftPackageReference "facebook-ios-sdk" */,
			);
			preferredProjectObjectVersion = 77;
			productRefGroup = C1BAC3C72DBA21AF00392D73 /* Products */;
			projectDirPath = "";
			projectRoot = "";
			targets = (
				C1BAC3C52DBA21AF00392D73 /* spurly */,
				C1BAC3D22DBA21B000392D73 /* spurlyTests */,
				C1BAC3DC2DBA21B000392D73 /* spurlyUITests */,
			);
		};
/* End PBXProject section */

/* Begin PBXResourcesBuildPhase section */
		C1BAC3C42DBA21AF00392D73 /* Resources */ = {
			isa = PBXResourcesBuildPhase;
			buildActionMask = 2147483647;
			files = (
				C12FA1482DBA9FA1003CB184 /* .gitignore in Resources */,
			);
			runOnlyForDeploymentPostprocessing = 0;
		};
		C1BAC3D12DBA21B000392D73 /* Resources */ = {
			isa = PBXResourcesBuildPhase;
			buildActionMask = 2147483647;
			files = (
			);
			runOnlyForDeploymentPostprocessing = 0;
		};
		C1BAC3DB2DBA21B000392D73 /* Resources */ = {
			isa = PBXResourcesBuildPhase;
			buildActionMask = 2147483647;
			files = (
			);
			runOnlyForDeploymentPostprocessing = 0;
		};
/* End PBXResourcesBuildPhase section */

/* Begin PBXSourcesBuildPhase section */
		C1BAC3C22DBA21AF00392D73 /* Sources */ = {
			isa = PBXSourcesBuildPhase;
			buildActionMask = 2147483647;
			files = (
			);
			runOnlyForDeploymentPostprocessing = 0;
		};
		C1BAC3CF2DBA21B000392D73 /* Sources */ = {
			isa = PBXSourcesBuildPhase;
			buildActionMask = 2147483647;
			files = (
			);
			runOnlyForDeploymentPostprocessing = 0;
		};
		C1BAC3D92DBA21B000392D73 /* Sources */ = {
			isa = PBXSourcesBuildPhase;
			buildActionMask = 2147483647;
			files = (
			);
			runOnlyForDeploymentPostprocessing = 0;
		};
/* End PBXSourcesBuildPhase section */

/* Begin PBXTargetDependency section */
		C1BAC3D52DBA21B000392D73 /* PBXTargetDependency */ = {
			isa = PBXTargetDependency;
			target = C1BAC3C52DBA21AF00392D73 /* spurly */;
			targetProxy = C1BAC3D42DBA21B000392D73 /* PBXContainerItemProxy */;
		};
		C1BAC3DF2DBA21B000392D73 /* PBXTargetDependency */ = {
			isa = PBXTargetDependency;
			target = C1BAC3C52DBA21AF00392D73 /* spurly */;
			targetProxy = C1BAC3DE2DBA21B000392D73 /* PBXContainerItemProxy */;
		};
/* End PBXTargetDependency section */

/* Begin XCBuildConfiguration section */
		C1BAC3E52DBA21B000392D73 /* Debug */ = {
			isa = XCBuildConfiguration;
			buildSettings = {
				ALWAYS_SEARCH_USER_PATHS = NO;
				ASSETCATALOG_COMPILER_GENERATE_SWIFT_ASSET_SYMBOL_EXTENSIONS = YES;
				CLANG_ANALYZER_NONNULL = YES;
				CLANG_ANALYZER_NUMBER_OBJECT_CONVERSION = YES_AGGRESSIVE;
				CLANG_CXX_LANGUAGE_STANDARD = "gnu++20";
				CLANG_ENABLE_MODULES = YES;
				CLANG_ENABLE_OBJC_ARC = YES;
				CLANG_ENABLE_OBJC_WEAK = YES;
				CLANG_WARN_BLOCK_CAPTURE_AUTORELEASING = YES;
				CLANG_WARN_BOOL_CONVERSION = YES;
				CLANG_WARN_COMMA = YES;
				CLANG_WARN_CONSTANT_CONVERSION = YES;
				CLANG_WARN_DEPRECATED_OBJC_IMPLEMENTATIONS = YES;
				CLANG_WARN_DIRECT_OBJC_ISA_USAGE = YES_ERROR;
				CLANG_WARN_DOCUMENTATION_COMMENTS = YES;
				CLANG_WARN_EMPTY_BODY = YES;
				CLANG_WARN_ENUM_CONVERSION = YES;
				CLANG_WARN_INFINITE_RECURSION = YES;
				CLANG_WARN_INT_CONVERSION = YES;
				CLANG_WARN_NON_LITERAL_NULL_CONVERSION = YES;
				CLANG_WARN_OBJC_IMPLICIT_RETAIN_SELF = YES;
				CLANG_WARN_OBJC_LITERAL_CONVERSION = YES;
				CLANG_WARN_OBJC_ROOT_CLASS = YES_ERROR;
				CLANG_WARN_QUOTED_INCLUDE_IN_FRAMEWORK_HEADER = YES;
				CLANG_WARN_RANGE_LOOP_ANALYSIS = YES;
				CLANG_WARN_STRICT_PROTOTYPES = YES;
				CLANG_WARN_SUSPICIOUS_MOVE = YES;
				CLANG_WARN_UNGUARDED_AVAILABILITY = YES_AGGRESSIVE;
				CLANG_WARN_UNREACHABLE_CODE = YES;
				CLANG_WARN__DUPLICATE_METHOD_MATCH = YES;
				COPY_PHASE_STRIP = NO;
				DEBUG_INFORMATION_FORMAT = dwarf;
				DEVELOPMENT_TEAM = RXACZ9DZ48;
				ENABLE_FILE_ACCESS_PICTURE_FOLDER = readonly;
				ENABLE_STRICT_OBJC_MSGSEND = YES;
				ENABLE_TESTABILITY = YES;
				ENABLE_USER_SCRIPT_SANDBOXING = YES;
				GCC_C_LANGUAGE_STANDARD = gnu17;
				GCC_DYNAMIC_NO_PIC = NO;
				GCC_NO_COMMON_BLOCKS = YES;
				GCC_OPTIMIZATION_LEVEL = 0;
				GCC_PREPROCESSOR_DEFINITIONS = (
					"DEBUG=1",
					"$(inherited)",
				);
				GCC_WARN_64_TO_32_BIT_CONVERSION = YES;
				GCC_WARN_ABOUT_RETURN_TYPE = YES_ERROR;
				GCC_WARN_UNDECLARED_SELECTOR = YES;
				GCC_WARN_UNINITIALIZED_AUTOS = YES_AGGRESSIVE;
				GCC_WARN_UNUSED_FUNCTION = YES;
				GCC_WARN_UNUSED_VARIABLE = YES;
				IPHONEOS_DEPLOYMENT_TARGET = 18.4;
				LOCALIZATION_PREFERS_STRING_CATALOGS = YES;
				MTL_ENABLE_DEBUG_INFO = INCLUDE_SOURCE;
				MTL_FAST_MATH = YES;
				ONLY_ACTIVE_ARCH = YES;
				SDKROOT = iphoneos;
				SWIFT_ACTIVE_COMPILATION_CONDITIONS = "DEBUG $(inherited)";
				SWIFT_OPTIMIZATION_LEVEL = "-Onone";
			};
			name = Debug;
		};
		C1BAC3E62DBA21B000392D73 /* Release */ = {
			isa = XCBuildConfiguration;
			buildSettings = {
				ALWAYS_SEARCH_USER_PATHS = NO;
				ASSETCATALOG_COMPILER_GENERATE_SWIFT_ASSET_SYMBOL_EXTENSIONS = YES;
				CLANG_ANALYZER_NONNULL = YES;
				CLANG_ANALYZER_NUMBER_OBJECT_CONVERSION = YES_AGGRESSIVE;
				CLANG_CXX_LANGUAGE_STANDARD = "gnu++20";
				CLANG_ENABLE_MODULES = YES;
				CLANG_ENABLE_OBJC_ARC = YES;
				CLANG_ENABLE_OBJC_WEAK = YES;
				CLANG_WARN_BLOCK_CAPTURE_AUTORELEASING = YES;
				CLANG_WARN_BOOL_CONVERSION = YES;
				CLANG_WARN_COMMA = YES;
				CLANG_WARN_CONSTANT_CONVERSION = YES;
				CLANG_WARN_DEPRECATED_OBJC_IMPLEMENTATIONS = YES;
				CLANG_WARN_DIRECT_OBJC_ISA_USAGE = YES_ERROR;
				CLANG_WARN_DOCUMENTATION_COMMENTS = YES;
				CLANG_WARN_EMPTY_BODY = YES;
				CLANG_WARN_ENUM_CONVERSION = YES;
				CLANG_WARN_INFINITE_RECURSION = YES;
				CLANG_WARN_INT_CONVERSION = YES;
				CLANG_WARN_NON_LITERAL_NULL_CONVERSION = YES;
				CLANG_WARN_OBJC_IMPLICIT_RETAIN_SELF = YES;
				CLANG_WARN_OBJC_LITERAL_CONVERSION = YES;
				CLANG_WARN_OBJC_ROOT_CLASS = YES_ERROR;
				CLANG_WARN_QUOTED_INCLUDE_IN_FRAMEWORK_HEADER = YES;
				CLANG_WARN_RANGE_LOOP_ANALYSIS = YES;
				CLANG_WARN_STRICT_PROTOTYPES = YES;
				CLANG_WARN_SUSPICIOUS_MOVE = YES;
				CLANG_WARN_UNGUARDED_AVAILABILITY = YES_AGGRESSIVE;
				CLANG_WARN_UNREACHABLE_CODE = YES;
				CLANG_WARN__DUPLICATE_METHOD_MATCH = YES;
				COPY_PHASE_STRIP = NO;
				DEBUG_INFORMATION_FORMAT = "dwarf-with-dsym";
				DEVELOPMENT_TEAM = RXACZ9DZ48;
				ENABLE_FILE_ACCESS_PICTURE_FOLDER = readonly;
				"ENABLE_FILE_ACCESS_PICTURE_FOLDER[sdk=*]" = readonly;
				ENABLE_NS_ASSERTIONS = NO;
				ENABLE_STRICT_OBJC_MSGSEND = YES;
				ENABLE_USER_SCRIPT_SANDBOXING = YES;
				GCC_C_LANGUAGE_STANDARD = gnu17;
				GCC_NO_COMMON_BLOCKS = YES;
				GCC_WARN_64_TO_32_BIT_CONVERSION = YES;
				GCC_WARN_ABOUT_RETURN_TYPE = YES_ERROR;
				GCC_WARN_UNDECLARED_SELECTOR = YES;
				GCC_WARN_UNINITIALIZED_AUTOS = YES_AGGRESSIVE;
				GCC_WARN_UNUSED_FUNCTION = YES;
				GCC_WARN_UNUSED_VARIABLE = YES;
				IPHONEOS_DEPLOYMENT_TARGET = 18.4;
				LOCALIZATION_PREFERS_STRING_CATALOGS = YES;
				MTL_ENABLE_DEBUG_INFO = NO;
				MTL_FAST_MATH = YES;
				SDKROOT = iphoneos;
				SWIFT_COMPILATION_MODE = wholemodule;
				VALIDATE_PRODUCT = YES;
			};
			name = Release;
		};
		C1BAC3E82DBA21B000392D73 /* Debug */ = {
			isa = XCBuildConfiguration;
			buildSettings = {
				ASSETCATALOG_COMPILER_APPICON_NAME = AppIcon;
				ASSETCATALOG_COMPILER_GLOBAL_ACCENT_COLOR_NAME = AccentColor;
				CODE_SIGN_STYLE = Automatic;
				CURRENT_PROJECT_VERSION = 1;
				DEVELOPMENT_TEAM = RXACZ9DZ48;
				ENABLE_PREVIEWS = YES;
				GENERATE_INFOPLIST_FILE = YES;
				INFOPLIST_FILE = spurly/Info.plist;
				INFOPLIST_KEY_CFBundleDisplayName = spurly;
				INFOPLIST_KEY_LSApplicationCategoryType = "public.app-category.lifestyle";
				INFOPLIST_KEY_UIApplicationSceneManifest_Generation = YES;
				INFOPLIST_KEY_UIApplicationSupportsIndirectInputEvents = YES;
				INFOPLIST_KEY_UILaunchScreen_Generation = YES;
				INFOPLIST_KEY_UIStatusBarStyle = "";
				INFOPLIST_KEY_UISupportedInterfaceOrientations = UIInterfaceOrientationPortrait;
				LD_RUNPATH_SEARCH_PATHS = (
					"$(inherited)",
					"@executable_path/Frameworks",
				);
				MARKETING_VERSION = 1.0;
				PRODUCT_BUNDLE_IDENTIFIER = "com.phaeton-order.spurly";
				PRODUCT_NAME = "$(TARGET_NAME)";
				SWIFT_EMIT_LOC_STRINGS = YES;
				SWIFT_VERSION = 5.0;
				TARGETED_DEVICE_FAMILY = "1,2";
			};
			name = Debug;
		};
		C1BAC3E92DBA21B000392D73 /* Release */ = {
			isa = XCBuildConfiguration;
			buildSettings = {
				ASSETCATALOG_COMPILER_APPICON_NAME = AppIcon;
				ASSETCATALOG_COMPILER_GLOBAL_ACCENT_COLOR_NAME = AccentColor;
				CODE_SIGN_STYLE = Automatic;
				CURRENT_PROJECT_VERSION = 1;
				DEVELOPMENT_TEAM = RXACZ9DZ48;
				ENABLE_PREVIEWS = YES;
				GENERATE_INFOPLIST_FILE = YES;
				INFOPLIST_FILE = spurly/Info.plist;
				INFOPLIST_KEY_CFBundleDisplayName = spurly;
				INFOPLIST_KEY_LSApplicationCategoryType = "public.app-category.lifestyle";
				INFOPLIST_KEY_UIApplicationSceneManifest_Generation = YES;
				INFOPLIST_KEY_UIApplicationSupportsIndirectInputEvents = YES;
				INFOPLIST_KEY_UILaunchScreen_Generation = YES;
				INFOPLIST_KEY_UIStatusBarStyle = "";
				INFOPLIST_KEY_UISupportedInterfaceOrientations = UIInterfaceOrientationPortrait;
				LD_RUNPATH_SEARCH_PATHS = (
					"$(inherited)",
					"@executable_path/Frameworks",
				);
				MARKETING_VERSION = 1.0;
				PRODUCT_BUNDLE_IDENTIFIER = "com.phaeton-order.spurly";
				PRODUCT_NAME = "$(TARGET_NAME)";
				SWIFT_EMIT_LOC_STRINGS = YES;
				SWIFT_VERSION = 5.0;
				TARGETED_DEVICE_FAMILY = "1,2";
			};
			name = Release;
		};
		C1BAC3EB2DBA21B000392D73 /* Debug */ = {
			isa = XCBuildConfiguration;
			buildSettings = {
				BUNDLE_LOADER = "$(TEST_HOST)";
				CODE_SIGN_STYLE = Automatic;
				CURRENT_PROJECT_VERSION = 1;
				DEVELOPMENT_TEAM = RXACZ9DZ48;
				GENERATE_INFOPLIST_FILE = YES;
				IPHONEOS_DEPLOYMENT_TARGET = 18.4;
				MARKETING_VERSION = 1.0;
				PRODUCT_BUNDLE_IDENTIFIER = "com.phaeton-order.spurlyTests";
				PRODUCT_NAME = "$(TARGET_NAME)";
				SWIFT_EMIT_LOC_STRINGS = NO;
				SWIFT_VERSION = 5.0;
				TARGETED_DEVICE_FAMILY = "1,2";
				TEST_HOST = "$(BUILT_PRODUCTS_DIR)/spurly.app/$(BUNDLE_EXECUTABLE_FOLDER_PATH)/spurly";
			};
			name = Debug;
		};
		C1BAC3EC2DBA21B000392D73 /* Release */ = {
			isa = XCBuildConfiguration;
			buildSettings = {
				BUNDLE_LOADER = "$(TEST_HOST)";
				CODE_SIGN_STYLE = Automatic;
				CURRENT_PROJECT_VERSION = 1;
				DEVELOPMENT_TEAM = RXACZ9DZ48;
				GENERATE_INFOPLIST_FILE = YES;
				IPHONEOS_DEPLOYMENT_TARGET = 18.4;
				MARKETING_VERSION = 1.0;
				PRODUCT_BUNDLE_IDENTIFIER = "com.phaeton-order.spurlyTests";
				PRODUCT_NAME = "$(TARGET_NAME)";
				SWIFT_EMIT_LOC_STRINGS = NO;
				SWIFT_VERSION = 5.0;
				TARGETED_DEVICE_FAMILY = "1,2";
				TEST_HOST = "$(BUILT_PRODUCTS_DIR)/spurly.app/$(BUNDLE_EXECUTABLE_FOLDER_PATH)/spurly";
			};
			name = Release;
		};
		C1BAC3EE2DBA21B000392D73 /* Debug */ = {
			isa = XCBuildConfiguration;
			buildSettings = {
				CODE_SIGN_STYLE = Automatic;
				CURRENT_PROJECT_VERSION = 1;
				DEVELOPMENT_TEAM = RXACZ9DZ48;
				GENERATE_INFOPLIST_FILE = YES;
				MARKETING_VERSION = 1.0;
				PRODUCT_BUNDLE_IDENTIFIER = "com.phaeton-order.spurlyUITests";
				PRODUCT_NAME = "$(TARGET_NAME)";
				SWIFT_EMIT_LOC_STRINGS = NO;
				SWIFT_VERSION = 5.0;
				TARGETED_DEVICE_FAMILY = "1,2";
				TEST_TARGET_NAME = spurly;
			};
			name = Debug;
		};
		C1BAC3EF2DBA21B000392D73 /* Release */ = {
			isa = XCBuildConfiguration;
			buildSettings = {
				CODE_SIGN_STYLE = Automatic;
				CURRENT_PROJECT_VERSION = 1;
				DEVELOPMENT_TEAM = RXACZ9DZ48;
				GENERATE_INFOPLIST_FILE = YES;
				MARKETING_VERSION = 1.0;
				PRODUCT_BUNDLE_IDENTIFIER = "com.phaeton-order.spurlyUITests";
				PRODUCT_NAME = "$(TARGET_NAME)";
				SWIFT_EMIT_LOC_STRINGS = NO;
				SWIFT_VERSION = 5.0;
				TARGETED_DEVICE_FAMILY = "1,2";
				TEST_TARGET_NAME = spurly;
			};
			name = Release;
		};
/* End XCBuildConfiguration section */

/* Begin XCConfigurationList section */
		C1BAC3C12DBA21AE00392D73 /* Build configuration list for PBXProject "spurly" */ = {
			isa = XCConfigurationList;
			buildConfigurations = (
				C1BAC3E52DBA21B000392D73 /* Debug */,
				C1BAC3E62DBA21B000392D73 /* Release */,
			);
			defaultConfigurationIsVisible = 0;
			defaultConfigurationName = Release;
		};
		C1BAC3E72DBA21B000392D73 /* Build configuration list for PBXNativeTarget "spurly" */ = {
			isa = XCConfigurationList;
			buildConfigurations = (
				C1BAC3E82DBA21B000392D73 /* Debug */,
				C1BAC3E92DBA21B000392D73 /* Release */,
			);
			defaultConfigurationIsVisible = 0;
			defaultConfigurationName = Release;
		};
		C1BAC3EA2DBA21B000392D73 /* Build configuration list for PBXNativeTarget "spurlyTests" */ = {
			isa = XCConfigurationList;
			buildConfigurations = (
				C1BAC3EB2DBA21B000392D73 /* Debug */,
				C1BAC3EC2DBA21B000392D73 /* Release */,
			);
			defaultConfigurationIsVisible = 0;
			defaultConfigurationName = Release;
		};
		C1BAC3ED2DBA21B000392D73 /* Build configuration list for PBXNativeTarget "spurlyUITests" */ = {
			isa = XCConfigurationList;
			buildConfigurations = (
				C1BAC3EE2DBA21B000392D73 /* Debug */,
				C1BAC3EF2DBA21B000392D73 /* Release */,
			);
			defaultConfigurationIsVisible = 0;
			defaultConfigurationName = Release;
		};
/* End XCConfigurationList section */

/* Begin XCRemoteSwiftPackageReference section */
		C17E300B2DDB05E300BD55FE /* XCRemoteSwiftPackageReference "GoogleSignIn-iOS" */ = {
			isa = XCRemoteSwiftPackageReference;
			repositoryURL = "https://github.com/google/GoogleSignIn-iOS";
			requirement = {
				kind = upToNextMajorVersion;
				minimumVersion = 8.0.0;
			};
		};
		C18AC4AD2DE7BC71000B5DF9 /* XCRemoteSwiftPackageReference "facebook-ios-sdk" */ = {
			isa = XCRemoteSwiftPackageReference;
			repositoryURL = "https://github.com/facebook/facebook-ios-sdk";
			requirement = {
				kind = upToNextMajorVersion;
				minimumVersion = 14.1.0;
			};
		};
		C1F107802DDB0E4D00AF0FA4 /* XCRemoteSwiftPackageReference "firebase-ios-sdk" */ = {
			isa = XCRemoteSwiftPackageReference;
			repositoryURL = "https://github.com/firebase/firebase-ios-sdk";
			requirement = {
				kind = upToNextMajorVersion;
				minimumVersion = 11.12.0;
			};
		};
/* End XCRemoteSwiftPackageReference section */

/* Begin XCSwiftPackageProductDependency section */
		C18AC4AE2DE7BC71000B5DF9 /* FacebookCore */ = {
			isa = XCSwiftPackageProductDependency;
			package = C18AC4AD2DE7BC71000B5DF9 /* XCRemoteSwiftPackageReference "facebook-ios-sdk" */;
			productName = FacebookCore;
		};
		C18AC4B02DE7BC71000B5DF9 /* FacebookLogin */ = {
			isa = XCSwiftPackageProductDependency;
			package = C18AC4AD2DE7BC71000B5DF9 /* XCRemoteSwiftPackageReference "facebook-ios-sdk" */;
			productName = FacebookLogin;
		};
		C1F107762DDB08FD00AF0FA4 /* GoogleSignIn */ = {
			isa = XCSwiftPackageProductDependency;
			package = C17E300B2DDB05E300BD55FE /* XCRemoteSwiftPackageReference "GoogleSignIn-iOS" */;
			productName = GoogleSignIn;
		};
		C1F107782DDB08FD00AF0FA4 /* GoogleSignInSwift */ = {
			isa = XCSwiftPackageProductDependency;
			package = C17E300B2DDB05E300BD55FE /* XCRemoteSwiftPackageReference "GoogleSignIn-iOS" */;
			productName = GoogleSignInSwift;
		};
		C1F107812DDB0E4D00AF0FA4 /* FirebaseAnalytics */ = {
			isa = XCSwiftPackageProductDependency;
			package = C1F107802DDB0E4D00AF0FA4 /* XCRemoteSwiftPackageReference "firebase-ios-sdk" */;
			productName = FirebaseAnalytics;
		};
		C1F107832DDB0E4D00AF0FA4 /* FirebaseAnalyticsOnDeviceConversion */ = {
			isa = XCSwiftPackageProductDependency;
			package = C1F107802DDB0E4D00AF0FA4 /* XCRemoteSwiftPackageReference "firebase-ios-sdk" */;
			productName = FirebaseAnalyticsOnDeviceConversion;
		};
		C1F107852DDB0E4D00AF0FA4 /* FirebaseAnalyticsWithoutAdIdSupport */ = {
			isa = XCSwiftPackageProductDependency;
			package = C1F107802DDB0E4D00AF0FA4 /* XCRemoteSwiftPackageReference "firebase-ios-sdk" */;
			productName = FirebaseAnalyticsWithoutAdIdSupport;
		};
		C1F107872DDB0E4D00AF0FA4 /* FirebaseAppCheck */ = {
			isa = XCSwiftPackageProductDependency;
			package = C1F107802DDB0E4D00AF0FA4 /* XCRemoteSwiftPackageReference "firebase-ios-sdk" */;
			productName = FirebaseAppCheck;
		};
		C1F107892DDB0E4D00AF0FA4 /* FirebaseAppDistribution-Beta */ = {
			isa = XCSwiftPackageProductDependency;
			package = C1F107802DDB0E4D00AF0FA4 /* XCRemoteSwiftPackageReference "firebase-ios-sdk" */;
			productName = "FirebaseAppDistribution-Beta";
		};
		C1F1078B2DDB0E4D00AF0FA4 /* FirebaseAuth */ = {
			isa = XCSwiftPackageProductDependency;
			package = C1F107802DDB0E4D00AF0FA4 /* XCRemoteSwiftPackageReference "firebase-ios-sdk" */;
			productName = FirebaseAuth;
		};
		C1F1078D2DDB0E4D00AF0FA4 /* FirebaseAuthCombine-Community */ = {
			isa = XCSwiftPackageProductDependency;
			package = C1F107802DDB0E4D00AF0FA4 /* XCRemoteSwiftPackageReference "firebase-ios-sdk" */;
			productName = "FirebaseAuthCombine-Community";
		};
		C1F1078F2DDB0E4D00AF0FA4 /* FirebaseCore */ = {
			isa = XCSwiftPackageProductDependency;
			package = C1F107802DDB0E4D00AF0FA4 /* XCRemoteSwiftPackageReference "firebase-ios-sdk" */;
			productName = FirebaseCore;
		};
		C1F107912DDB0E4D00AF0FA4 /* FirebaseCrashlytics */ = {
			isa = XCSwiftPackageProductDependency;
			package = C1F107802DDB0E4D00AF0FA4 /* XCRemoteSwiftPackageReference "firebase-ios-sdk" */;
			productName = FirebaseCrashlytics;
		};
		C1F107932DDB0E4D00AF0FA4 /* FirebaseDatabase */ = {
			isa = XCSwiftPackageProductDependency;
			package = C1F107802DDB0E4D00AF0FA4 /* XCRemoteSwiftPackageReference "firebase-ios-sdk" */;
			productName = FirebaseDatabase;
		};
		C1F107952DDB0E4D00AF0FA4 /* FirebaseDynamicLinks */ = {
			isa = XCSwiftPackageProductDependency;
			package = C1F107802DDB0E4D00AF0FA4 /* XCRemoteSwiftPackageReference "firebase-ios-sdk" */;
			productName = FirebaseDynamicLinks;
		};
		C1F107972DDB0E4D00AF0FA4 /* FirebaseFirestore */ = {
			isa = XCSwiftPackageProductDependency;
			package = C1F107802DDB0E4D00AF0FA4 /* XCRemoteSwiftPackageReference "firebase-ios-sdk" */;
			productName = FirebaseFirestore;
		};
		C1F107992DDB0E4D00AF0FA4 /* FirebaseFirestoreCombine-Community */ = {
			isa = XCSwiftPackageProductDependency;
			package = C1F107802DDB0E4D00AF0FA4 /* XCRemoteSwiftPackageReference "firebase-ios-sdk" */;
			productName = "FirebaseFirestoreCombine-Community";
		};
		C1F1079B2DDB0E4D00AF0FA4 /* FirebaseFunctions */ = {
			isa = XCSwiftPackageProductDependency;
			package = C1F107802DDB0E4D00AF0FA4 /* XCRemoteSwiftPackageReference "firebase-ios-sdk" */;
			productName = FirebaseFunctions;
		};
		C1F1079D2DDB0E4D00AF0FA4 /* FirebaseFunctionsCombine-Community */ = {
			isa = XCSwiftPackageProductDependency;
			package = C1F107802DDB0E4D00AF0FA4 /* XCRemoteSwiftPackageReference "firebase-ios-sdk" */;
			productName = "FirebaseFunctionsCombine-Community";
		};
		C1F1079F2DDB0E4D00AF0FA4 /* FirebaseInAppMessaging-Beta */ = {
			isa = XCSwiftPackageProductDependency;
			package = C1F107802DDB0E4D00AF0FA4 /* XCRemoteSwiftPackageReference "firebase-ios-sdk" */;
			productName = "FirebaseInAppMessaging-Beta";
		};
		C1F107A12DDB0E4D00AF0FA4 /* FirebaseInstallations */ = {
			isa = XCSwiftPackageProductDependency;
			package = C1F107802DDB0E4D00AF0FA4 /* XCRemoteSwiftPackageReference "firebase-ios-sdk" */;
			productName = FirebaseInstallations;
		};
		C1F107A32DDB0E4D00AF0FA4 /* FirebaseMLModelDownloader */ = {
			isa = XCSwiftPackageProductDependency;
			package = C1F107802DDB0E4D00AF0FA4 /* XCRemoteSwiftPackageReference "firebase-ios-sdk" */;
			productName = FirebaseMLModelDownloader;
		};
		C1F107A52DDB0E4D00AF0FA4 /* FirebaseMessaging */ = {
			isa = XCSwiftPackageProductDependency;
			package = C1F107802DDB0E4D00AF0FA4 /* XCRemoteSwiftPackageReference "firebase-ios-sdk" */;
			productName = FirebaseMessaging;
		};
		C1F107A72DDB0E4D00AF0FA4 /* FirebasePerformance */ = {
			isa = XCSwiftPackageProductDependency;
			package = C1F107802DDB0E4D00AF0FA4 /* XCRemoteSwiftPackageReference "firebase-ios-sdk" */;
			productName = FirebasePerformance;
		};
		C1F107A92DDB0E4D00AF0FA4 /* FirebaseRemoteConfig */ = {
			isa = XCSwiftPackageProductDependency;
			package = C1F107802DDB0E4D00AF0FA4 /* XCRemoteSwiftPackageReference "firebase-ios-sdk" */;
			productName = FirebaseRemoteConfig;
		};
		C1F107AB2DDB0E4D00AF0FA4 /* FirebaseStorage */ = {
			isa = XCSwiftPackageProductDependency;
			package = C1F107802DDB0E4D00AF0FA4 /* XCRemoteSwiftPackageReference "firebase-ios-sdk" */;
			productName = FirebaseStorage;
		};
		C1F107AD2DDB0E4D00AF0FA4 /* FirebaseStorageCombine-Community */ = {
			isa = XCSwiftPackageProductDependency;
			package = C1F107802DDB0E4D00AF0FA4 /* XCRemoteSwiftPackageReference "firebase-ios-sdk" */;
			productName = "FirebaseStorageCombine-Community";
		};
		C1F107AF2DDB0E4D00AF0FA4 /* FirebaseVertexAI */ = {
			isa = XCSwiftPackageProductDependency;
			package = C1F107802DDB0E4D00AF0FA4 /* XCRemoteSwiftPackageReference "firebase-ios-sdk" */;
			productName = FirebaseVertexAI;
		};
/* End XCSwiftPackageProductDependency section */
	};
	rootObject = C1BAC3BE2DBA21AE00392D73 /* Project object */;
}
